// !$*UTF8*$!
{
	archiveVersion = 1;
	classes = {
	};
	objectVersion = 46;
	objects = {

/* Begin PBXBuildFile section */
		2455764D1E77483B008B43DA /* AppDelegate.swift in Sources */ = {isa = PBXBuildFile; fileRef = 2455764C1E77483B008B43DA /* AppDelegate.swift */; };
		2455764F1E77483B008B43DA /* ViewController.swift in Sources */ = {isa = PBXBuildFile; fileRef = 2455764E1E77483B008B43DA /* ViewController.swift */; };
		245576521E77483B008B43DA /* Main.storyboard in Resources */ = {isa = PBXBuildFile; fileRef = 245576501E77483B008B43DA /* Main.storyboard */; };
		245576541E77483B008B43DA /* Assets.xcassets in Resources */ = {isa = PBXBuildFile; fileRef = 245576531E77483B008B43DA /* Assets.xcassets */; };
		245576571E77483B008B43DA /* LaunchScreen.storyboard in Resources */ = {isa = PBXBuildFile; fileRef = 245576551E77483B008B43DA /* LaunchScreen.storyboard */; };
		245576621E77483B008B43DA /* tableviewTests.swift in Sources */ = {isa = PBXBuildFile; fileRef = 245576611E77483B008B43DA /* tableviewTests.swift */; };
		2455766D1E77483B008B43DA /* tableviewUITests.swift in Sources */ = {isa = PBXBuildFile; fileRef = 2455766C1E77483B008B43DA /* tableviewUITests.swift */; };
/* End PBXBuildFile section */

/* Begin PBXContainerItemProxy section */
		2455765E1E77483B008B43DA /* PBXContainerItemProxy */ = {
			isa = PBXContainerItemProxy;
			containerPortal = 245576411E77483B008B43DA /* Project object */;
			proxyType = 1;
			remoteGlobalIDString = 245576481E77483B008B43DA;
			remoteInfo = tableview;
		};
		245576691E77483B008B43DA /* PBXContainerItemProxy */ = {
			isa = PBXContainerItemProxy;
			containerPortal = 245576411E77483B008B43DA /* Project object */;
			proxyType = 1;
			remoteGlobalIDString = 245576481E77483B008B43DA;
			remoteInfo = tableview;
		};
/* End PBXContainerItemProxy section */

/* Begin PBXFileReference section */
		245576491E77483B008B43DA /* tableview.app */ = {isa = PBXFileReference; explicitFileType = wrapper.application; includeInIndex = 0; path = tableview.app; sourceTree = BUILT_PRODUCTS_DIR; };
		2455764C1E77483B008B43DA /* AppDelegate.swift */ = {isa = PBXFileReference; lastKnownFileType = sourcecode.swift; path = AppDelegate.swift; sourceTree = "<group>"; };
		2455764E1E77483B008B43DA /* ViewController.swift */ = {isa = PBXFileReference; lastKnownFileType = sourcecode.swift; path = ViewController.swift; sourceTree = "<group>"; };
		245576511E77483B008B43DA /* Base */ = {isa = PBXFileReference; lastKnownFileType = file.storyboard; name = Base; path = Base.lproj/Main.storyboard; sourceTree = "<group>"; };
		245576531E77483B008B43DA /* Assets.xcassets */ = {isa = PBXFileReference; lastKnownFileType = folder.assetcatalog; path = Assets.xcassets; sourceTree = "<group>"; };
		245576561E77483B008B43DA /* Base */ = {isa = PBXFileReference; lastKnownFileType = file.storyboard; name = Base; path = Base.lproj/LaunchScreen.storyboard; sourceTree = "<group>"; };
		245576581E77483B008B43DA /* Info.plist */ = {isa = PBXFileReference; lastKnownFileType = text.plist.xml; path = Info.plist; sourceTree = "<group>"; };
		2455765D1E77483B008B43DA /* tableviewTests.xctest */ = {isa = PBXFileReference; explicitFileType = wrapper.cfbundle; includeInIndex = 0; path = tableviewTests.xctest; sourceTree = BUILT_PRODUCTS_DIR; };
		245576611E77483B008B43DA /* tableviewTests.swift */ = {isa = PBXFileReference; lastKnownFileType = sourcecode.swift; path = tableviewTests.swift; sourceTree = "<group>"; };
		245576631E77483B008B43DA /* Info.plist */ = {isa = PBXFileReference; lastKnownFileType = text.plist.xml; path = Info.plist; sourceTree = "<group>"; };
		245576681E77483B008B43DA /* tableviewUITests.xctest */ = {isa = PBXFileReference; explicitFileType = wrapper.cfbundle; includeInIndex = 0; path = tableviewUITests.xctest; sourceTree = BUILT_PRODUCTS_DIR; };
		2455766C1E77483B008B43DA /* tableviewUITests.swift */ = {isa = PBXFileReference; lastKnownFileType = sourcecode.swift; path = tableviewUITests.swift; sourceTree = "<group>"; };
		2455766E1E77483B008B43DA /* Info.plist */ = {isa = PBXFileReference; lastKnownFileType = text.plist.xml; path = Info.plist; sourceTree = "<group>"; };
/* End PBXFileReference section */

/* Begin PBXFrameworksBuildPhase section */
		245576461E77483B008B43DA /* Frameworks */ = {
			isa = PBXFrameworksBuildPhase;
			buildActionMask = 2147483647;
			files = (
			);
			runOnlyForDeploymentPostprocessing = 0;
		};
		2455765A1E77483B008B43DA /* Frameworks */ = {
			isa = PBXFrameworksBuildPhase;
			buildActionMask = 2147483647;
			files = (
			);
			runOnlyForDeploymentPostprocessing = 0;
		};
		245576651E77483B008B43DA /* Frameworks */ = {
			isa = PBXFrameworksBuildPhase;
			buildActionMask = 2147483647;
			files = (
			);
			runOnlyForDeploymentPostprocessing = 0;
		};
/* End PBXFrameworksBuildPhase section */

/* Begin PBXGroup section */
		245576401E77483B008B43DA = {
			isa = PBXGroup;
			children = (
				2455764B1E77483B008B43DA /* tableview */,
				245576601E77483B008B43DA /* tableviewTests */,
				2455766B1E77483B008B43DA /* tableviewUITests */,
				2455764A1E77483B008B43DA /* Products */,
			);
			sourceTree = "<group>";
		};
		2455764A1E77483B008B43DA /* Products */ = {
			isa = PBXGroup;
			children = (
				245576491E77483B008B43DA /* tableview.app */,
				2455765D1E77483B008B43DA /* tableviewTests.xctest */,
				245576681E77483B008B43DA /* tableviewUITests.xctest */,
			);
			name = Products;
			sourceTree = "<group>";
		};
		2455764B1E77483B008B43DA /* tableview */ = {
			isa = PBXGroup;
			children = (
				2455764C1E77483B008B43DA /* AppDelegate.swift */,
				2455764E1E77483B008B43DA /* ViewController.swift */,
				245576501E77483B008B43DA /* Main.storyboard */,
				245576531E77483B008B43DA /* Assets.xcassets */,
				245576551E77483B008B43DA /* LaunchScreen.storyboard */,
				245576581E77483B008B43DA /* Info.plist */,
			);
			path = tableview;
			sourceTree = "<group>";
		};
		245576601E77483B008B43DA /* tableviewTests */ = {
			isa = PBXGroup;
			children = (
				245576611E77483B008B43DA /* tableviewTests.swift */,
				245576631E77483B008B43DA /* Info.plist */,
			);
			path = tableviewTests;
			sourceTree = "<group>";
		};
		2455766B1E77483B008B43DA /* tableviewUITests */ = {
			isa = PBXGroup;
			children = (
				2455766C1E77483B008B43DA /* tableviewUITests.swift */,
				2455766E1E77483B008B43DA /* Info.plist */,
			);
			path = tableviewUITests;
			sourceTree = "<group>";
		};
/* End PBXGroup section */

/* Begin PBXNativeTarget section */
		245576481E77483B008B43DA /* tableview */ = {
			isa = PBXNativeTarget;
			buildConfigurationList = 245576711E77483B008B43DA /* Build configuration list for PBXNativeTarget "tableview" */;
			buildPhases = (
				245576451E77483B008B43DA /* Sources */,
				245576461E77483B008B43DA /* Frameworks */,
				245576471E77483B008B43DA /* Resources */,
			);
			buildRules = (
			);
			dependencies = (
			);
			name = tableview;
			productName = tableview;
			productReference = 245576491E77483B008B43DA /* tableview.app */;
			productType = "com.apple.product-type.application";
		};
		2455765C1E77483B008B43DA /* tableviewTests */ = {
			isa = PBXNativeTarget;
			buildConfigurationList = 245576741E77483B008B43DA /* Build configuration list for PBXNativeTarget "tableviewTests" */;
			buildPhases = (
				245576591E77483B008B43DA /* Sources */,
				2455765A1E77483B008B43DA /* Frameworks */,
				2455765B1E77483B008B43DA /* Resources */,
			);
			buildRules = (
			);
			dependencies = (
				2455765F1E77483B008B43DA /* PBXTargetDependency */,
			);
			name = tableviewTests;
			productName = tableviewTests;
			productReference = 2455765D1E77483B008B43DA /* tableviewTests.xctest */;
			productType = "com.apple.product-type.bundle.unit-test";
		};
		245576671E77483B008B43DA /* tableviewUITests */ = {
			isa = PBXNativeTarget;
			buildConfigurationList = 245576771E77483B008B43DA /* Build configuration list for PBXNativeTarget "tableviewUITests" */;
			buildPhases = (
				245576641E77483B008B43DA /* Sources */,
				245576651E77483B008B43DA /* Frameworks */,
				245576661E77483B008B43DA /* Resources */,
			);
			buildRules = (
			);
			dependencies = (
				2455766A1E77483B008B43DA /* PBXTargetDependency */,
			);
			name = tableviewUITests;
			productName = tableviewUITests;
			productReference = 245576681E77483B008B43DA /* tableviewUITests.xctest */;
			productType = "com.apple.product-type.bundle.ui-testing";
		};
/* End PBXNativeTarget section */

/* Begin PBXProject section */
		245576411E77483B008B43DA /* Project object */ = {
			isa = PBXProject;
			attributes = {
				LastSwiftUpdateCheck = 0820;
				LastUpgradeCheck = 0820;
				ORGANIZATIONNAME = "simo mariouch";
				TargetAttributes = {
					245576481E77483B008B43DA = {
						CreatedOnToolsVersion = 8.2.1;
						ProvisioningStyle = Automatic;
					};
					2455765C1E77483B008B43DA = {
						CreatedOnToolsVersion = 8.2.1;
						ProvisioningStyle = Automatic;
						TestTargetID = 245576481E77483B008B43DA;
					};
					245576671E77483B008B43DA = {
						CreatedOnToolsVersion = 8.2.1;
						ProvisioningStyle = Automatic;
						TestTargetID = 245576481E77483B008B43DA;
					};
				};
			};
			buildConfigurationList = 245576441E77483B008B43DA /* Build configuration list for PBXProject "tableview" */;
			compatibilityVersion = "Xcode 3.2";
			developmentRegion = English;
			hasScannedForEncodings = 0;
			knownRegions = (
				en,
				Base,
			);
			mainGroup = 245576401E77483B008B43DA;
			productRefGroup = 2455764A1E77483B008B43DA /* Products */;
			projectDirPath = "";
			projectRoot = "";
			targets = (
				245576481E77483B008B43DA /* tableview */,
				2455765C1E77483B008B43DA /* tableviewTests */,
				245576671E77483B008B43DA /* tableviewUITests */,
			);
		};
/* End PBXProject section */

/* Begin PBXResourcesBuildPhase section */
		245576471E77483B008B43DA /* Resources */ = {
			isa = PBXResourcesBuildPhase;
			buildActionMask = 2147483647;
			files = (
				245576571E77483B008B43DA /* LaunchScreen.storyboard in Resources */,
				245576541E77483B008B43DA /* Assets.xcassets in Resources */,
				245576521E77483B008B43DA /* Main.storyboard in Resources */,
			);
			runOnlyForDeploymentPostprocessing = 0;
		};
		2455765B1E77483B008B43DA /* Resources */ = {
			isa = PBXResourcesBuildPhase;
			buildActionMask = 2147483647;
			files = (
			);
			runOnlyForDeploymentPostprocessing = 0;
		};
		245576661E77483B008B43DA /* Resources */ = {
			isa = PBXResourcesBuildPhase;
			buildActionMask = 2147483647;
			files = (
			);
			runOnlyForDeploymentPostprocessing = 0;
		};
/* End PBXResourcesBuildPhase section */

/* Begin PBXSourcesBuildPhase section */
		245576451E77483B008B43DA /* Sources */ = {
			isa = PBXSourcesBuildPhase;
			buildActionMask = 2147483647;
			files = (
				2455764F1E77483B008B43DA /* ViewController.swift in Sources */,
				2455764D1E77483B008B43DA /* AppDelegate.swift in Sources */,
			);
			runOnlyForDeploymentPostprocessing = 0;
		};
		245576591E77483B008B43DA /* Sources */ = {
			isa = PBXSourcesBuildPhase;
			buildActionMask = 2147483647;
			files = (
				245576621E77483B008B43DA /* tableviewTests.swift in Sources */,
			);
			runOnlyForDeploymentPostprocessing = 0;
		};
		245576641E77483B008B43DA /* Sources */ = {
			isa = PBXSourcesBuildPhase;
			buildActionMask = 2147483647;
			files = (
				2455766D1E77483B008B43DA /* tableviewUITests.swift in Sources */,
			);
			runOnlyForDeploymentPostprocessing = 0;
		};
/* End PBXSourcesBuildPhase section */

/* Begin PBXTargetDependency section */
		2455765F1E77483B008B43DA /* PBXTargetDependency */ = {
			isa = PBXTargetDependency;
			target = 245576481E77483B008B43DA /* tableview */;
			targetProxy = 2455765E1E77483B008B43DA /* PBXContainerItemProxy */;
		};
		2455766A1E77483B008B43DA /* PBXTargetDependency */ = {
			isa = PBXTargetDependency;
			target = 245576481E77483B008B43DA /* tableview */;
			targetProxy = 245576691E77483B008B43DA /* PBXContainerItemProxy */;
		};
/* End PBXTargetDependency section */

/* Begin PBXVariantGroup section */
		245576501E77483B008B43DA /* Main.storyboard */ = {
			isa = PBXVariantGroup;
			children = (
				245576511E77483B008B43DA /* Base */,
			);
			name = Main.storyboard;
			sourceTree = "<group>";
		};
		245576551E77483B008B43DA /* LaunchScreen.storyboard */ = {
			isa = PBXVariantGroup;
			children = (
				245576561E77483B008B43DA /* Base */,
			);
			name = LaunchScreen.storyboard;
			sourceTree = "<group>";
		};
/* End PBXVariantGroup section */

/* Begin XCBuildConfiguration section */
		2455766F1E77483B008B43DA /* Debug */ = {
			isa = XCBuildConfiguration;
			buildSettings = {
				ALWAYS_SEARCH_USER_PATHS = NO;
				CLANG_ANALYZER_NONNULL = YES;
				CLANG_CXX_LANGUAGE_STANDARD = "gnu++0x";
				CLANG_CXX_LIBRARY = "libc++";
				CLANG_ENABLE_MODULES = YES;
				CLANG_ENABLE_OBJC_ARC = YES;
				CLANG_WARN_BOOL_CONVERSION = YES;
				CLANG_WARN_CONSTANT_CONVERSION = YES;
				CLANG_WARN_DIRECT_OBJC_ISA_USAGE = YES_ERROR;
				CLANG_WARN_DOCUMENTATION_COMMENTS = YES;
				CLANG_WARN_EMPTY_BODY = YES;
				CLANG_WARN_ENUM_CONVERSION = YES;
				CLANG_WARN_INFINITE_RECURSION = YES;
				CLANG_WARN_INT_CONVERSION = YES;
				CLANG_WARN_OBJC_ROOT_CLASS = YES_ERROR;
				CLANG_WARN_SUSPICIOUS_MOVE = YES;
				CLANG_WARN_UNREACHABLE_CODE = YES;
				CLANG_WARN__DUPLICATE_METHOD_MATCH = YES;
				"CODE_SIGN_IDENTITY[sdk=iphoneos*]" = "iPhone Developer";
				COPY_PHASE_STRIP = NO;
				DEBUG_INFORMATION_FORMAT = dwarf;
				ENABLE_STRICT_OBJC_MSGSEND = YES;
				ENABLE_TESTABILITY = YES;
				GCC_C_LANGUAGE_STANDARD = gnu99;
				GCC_DYNAMIC_NO_PIC = NO;
				GCC_NO_COMMON_BLOCKS = YES;
				GCC_OPTIMIZATION_LEVEL = 0;
				GCC_PREPROCESSOR_DEFINITIONS = (
					"DEBUG=1",
					"$(inherited)",
				);
				GCC_WARN_64_TO_32_BIT_CONVERSION = YES;
				GCC_WARN_ABOUT_RETURN_TYPE = YES_ERROR;
				GCC_WARN_UNDECLARED_SELECTOR = YES;
				GCC_WARN_UNINITIALIZED_AUTOS = YES_AGGRESSIVE;
				GCC_WARN_UNUSED_FUNCTION = YES;
				GCC_WARN_UNUSED_VARIABLE = YES;
				IPHONEOS_DEPLOYMENT_TARGET = 10.2;
				MTL_ENABLE_DEBUG_INFO = YES;
				ONLY_ACTIVE_ARCH = YES;
				SDKROOT = iphoneos;
				SWIFT_ACTIVE_COMPILATION_CONDITIONS = DEBUG;
				SWIFT_OPTIMIZATION_LEVEL = "-Onone";
				TARGETED_DEVICE_FAMILY = "1,2";
			};
			name = Debug;
		};
		245576701E77483B008B43DA /* Release */ = {
			isa = XCBuildConfiguration;
			buildSettings = {
				ALWAYS_SEARCH_USER_PATHS = NO;
				CLANG_ANALYZER_NONNULL = YES;
				CLANG_CXX_LANGUAGE_STANDARD = "gnu++0x";
				CLANG_CXX_LIBRARY = "libc++";
				CLANG_ENABLE_MODULES = YES;
				CLANG_ENABLE_OBJC_ARC = YES;
				CLANG_WARN_BOOL_CONVERSION = YES;
				CLANG_WARN_CONSTANT_CONVERSION = YES;
				CLANG_WARN_DIRECT_OBJC_ISA_USAGE = YES_ERROR;
				CLANG_WARN_DOCUMENTATION_COMMENTS = YES;
				CLANG_WARN_EMPTY_BODY = YES;
				CLANG_WARN_ENUM_CONVERSION = YES;
				CLANG_WARN_INFINITE_RECURSION = YES;
				CLANG_WARN_INT_CONVERSION = YES;
				CLANG_WARN_OBJC_ROOT_CLASS = YES_ERROR;
				CLANG_WARN_SUSPICIOUS_MOVE = YES;
				CLANG_WARN_UNREACHABLE_CODE = YES;
				CLANG_WARN__DUPLICATE_METHOD_MATCH = YES;
				"CODE_SIGN_IDENTITY[sdk=iphoneos*]" = "iPhone Developer";
				COPY_PHASE_STRIP = NO;
				DEBUG_INFORMATION_FORMAT = "dwarf-with-dsym";
				ENABLE_NS_ASSERTIONS = NO;
				ENABLE_STRICT_OBJC_MSGSEND = YES;
				GCC_C_LANGUAGE_STANDARD = gnu99;
				GCC_NO_COMMON_BLOCKS = YES;
				GCC_WARN_64_TO_32_BIT_CONVERSION = YES;
				GCC_WARN_ABOUT_RETURN_TYPE = YES_ERROR;
				GCC_WARN_UNDECLARED_SELECTOR = YES;
				GCC_WARN_UNINITIALIZED_AUTOS = YES_AGGRESSIVE;
				GCC_WARN_UNUSED_FUNCTION = YES;
				GCC_WARN_UNUSED_VARIABLE = YES;
				IPHONEOS_DEPLOYMENT_TARGET = 10.2;
				MTL_ENABLE_DEBUG_INFO = NO;
				SDKROOT = iphoneos;
				SWIFT_OPTIMIZATION_LEVEL = "-Owholemodule";
				TARGETED_DEVICE_FAMILY = "1,2";
				VALIDATE_PRODUCT = YES;
			};
			name = Release;
		};
		245576721E77483B008B43DA /* Debug */ = {
			isa = XCBuildConfiguration;
			buildSettings = {
				ASSETCATALOG_COMPILER_APPICON_NAME = AppIcon;
				INFOPLIST_FILE = tableview/Info.plist;
				LD_RUNPATH_SEARCH_PATHS = "$(inherited) @executable_path/Frameworks";
				PRODUCT_BUNDLE_IDENTIFIER = simo.tableview;
				PRODUCT_NAME = "$(TARGET_NAME)";
				SWIFT_VERSION = 3.0;
			};
			name = Debug;
		};
		245576731E77483B008B43DA /* Release */ = {
			isa = XCBuildConfiguration;
			buildSettings = {
				ASSETCATALOG_COMPILER_APPICON_NAME = AppIcon;
				INFOPLIST_FILE = tableview/Info.plist;
				LD_RUNPATH_SEARCH_PATHS = "$(inherited) @executable_path/Frameworks";
				PRODUCT_BUNDLE_IDENTIFIER = simo.tableview;
				PRODUCT_NAME = "$(TARGET_NAME)";
				SWIFT_VERSION = 3.0;
			};
			name = Release;
		};
		245576751E77483B008B43DA /* Debug */ = {
			isa = XCBuildConfiguration;
			buildSettings = {
				ALWAYS_EMBED_SWIFT_STANDARD_LIBRARIES = YES;
				BUNDLE_LOADER = "$(TEST_HOST)";
				INFOPLIST_FILE = tableviewTests/Info.plist;
				LD_RUNPATH_SEARCH_PATHS = "$(inherited) @executable_path/Frameworks @loader_path/Frameworks";
				PRODUCT_BUNDLE_IDENTIFIER = simo.tableviewTests;
				PRODUCT_NAME = "$(TARGET_NAME)";
				SWIFT_VERSION = 3.0;
				TEST_HOST = "$(BUILT_PRODUCTS_DIR)/tableview.app/tableview";
			};
			name = Debug;
		};
		245576761E77483B008B43DA /* Release */ = {
			isa = XCBuildConfiguration;
			buildSettings = {
				ALWAYS_EMBED_SWIFT_STANDARD_LIBRARIES = YES;
				BUNDLE_LOADER = "$(TEST_HOST)";
				INFOPLIST_FILE = tableviewTests/Info.plist;
				LD_RUNPATH_SEARCH_PATHS = "$(inherited) @executable_path/Frameworks @loader_path/Frameworks";
				PRODUCT_BUNDLE_IDENTIFIER = simo.tableviewTests;
				PRODUCT_NAME = "$(TARGET_NAME)";
				SWIFT_VERSION = 3.0;
				TEST_HOST = "$(BUILT_PRODUCTS_DIR)/tableview.app/tableview";
			};
			name = Release;
		};
		245576781E77483B008B43DA /* Debug */ = {
			isa = XCBuildConfiguration;
			buildSettings = {
				ALWAYS_EMBED_SWIFT_STANDARD_LIBRARIES = YES;
				INFOPLIST_FILE = tableviewUITests/Info.plist;
				LD_RUNPATH_SEARCH_PATHS = "$(inherited) @executable_path/Frameworks @loader_path/Frameworks";
				PRODUCT_BUNDLE_IDENTIFIER = simo.tableviewUITests;
				PRODUCT_NAME = "$(TARGET_NAME)";
				SWIFT_VERSION = 3.0;
				TEST_TARGET_NAME = tableview;
			};
			name = Debug;
		};
		245576791E77483B008B43DA /* Release */ = {
			isa = XCBuildConfiguration;
			buildSettings = {
				ALWAYS_EMBED_SWIFT_STANDARD_LIBRARIES = YES;
				INFOPLIST_FILE = tableviewUITests/Info.plist;
				LD_RUNPATH_SEARCH_PATHS = "$(inherited) @executable_path/Frameworks @loader_path/Frameworks";
				PRODUCT_BUNDLE_IDENTIFIER = simo.tableviewUITests;
				PRODUCT_NAME = "$(TARGET_NAME)";
				SWIFT_VERSION = 3.0;
				TEST_TARGET_NAME = tableview;
			};
			name = Release;
		};
/* End XCBuildConfiguration section */

/* Begin XCConfigurationList section */
		245576441E77483B008B43DA /* Build configuration list for PBXProject "tableview" */ = {
			isa = XCConfigurationList;
			buildConfigurations = (
				2455766F1E77483B008B43DA /* Debug */,
				245576701E77483B008B43DA /* Release */,
			);
			defaultConfigurationIsVisible = 0;
			defaultConfigurationName = Release;
		};
		245576711E77483B008B43DA /* Build configuration list for PBXNativeTarget "tableview" */ = {
			isa = XCConfigurationList;
			buildConfigurations = (
				245576721E77483B008B43DA /* Debug */,
				245576731E77483B008B43DA /* Release */,
			);
			defaultConfigurationIsVisible = 0;
		};
		245576741E77483B008B43DA /* Build configuration list for PBXNativeTarget "tableviewTests" */ = {
			isa = XCConfigurationList;
			buildConfigurations = (
				245576751E77483B008B43DA /* Debug */,
				245576761E77483B008B43DA /* Release */,
			);
			defaultConfigurationIsVisible = 0;
		};
		245576771E77483B008B43DA /* Build configuration list for PBXNativeTarget "tableviewUITests" */ = {
			isa = XCConfigurationList;
			buildConfigurations = (
				245576781E77483B008B43DA /* Debug */,
				245576791E77483B008B43DA /* Release */,
			);
			defaultConfigurationIsVisible = 0;
		};
/* End XCConfigurationList section */
	};
	rootObject = 245576411E77483B008B43DA /* Project object */;
}
